
Microsoft Visual Studio Solution File, Format Version 12.00
# Visual Studio Version 16
VisualStudioVersion = 16.0.30011.22
MinimumVisualStudioVersion = 10.0.40219.1
Project("{8BC9CEB8-8B4A-11D0-8D11-00A0C91BC942}") = "Section 1.1 Writing Simple C++ Program", "Section 1.1 Writing Simple C++ Program\Section 1.1 Writing Simple C++ Program.vcxproj", "{8AB5E0D6-2348-43E1-B240-DD907C64E3DA}"
EndProject
Project("{8BC9CEB8-8B4A-11D0-8D11-00A0C91BC942}") = "Section 1.2 A First Look at InputOutput", "Section 1.2 A First Look at InputOutput\Section 1.2 A First Look at InputOutput.vcxproj", "{B56F8F7C-BA26-4AEA-B4C2-E7C2D42C63FC}"
EndProject
Project("{8BC9CEB8-8B4A-11D0-8D11-00A0C91BC942}") = "Section 1.3 A Word about Comments", "Section 1.3 A Word about Comments\Section 1.3 A Word about Comments.vcxproj", "{02F4D723-E8BA-45C9-997A-107B3232E52C}"
EndProject
Project("{8BC9CEB8-8B4A-11D0-8D11-00A0C91BC942}") = "Section 1.4 Flow of Control", "Section 1.4 Flow of Control\Section 1.4 Flow of Control.vcxproj", "{C3AC3964-C66C-4A3F-BB6F-3D1123DB68C2}"
EndProject
Project("{8BC9CEB8-8B4A-11D0-8D11-00A0C91BC942}") = "Section 1.5 Introducing Classes", "Section 1.5 Introducing Classes\Section 1.5 Introducing Classes.vcxproj", "{9CD65732-DE89-4A92-A9C4-C20AAF7D4DA9}"
EndProject
Project("{8BC9CEB8-8B4A-11D0-8D11-00A0C91BC942}") = "Section 1.6 The Bookstore Program", "Section 1.6 The Bookstore Program\Section 1.6 The Bookstore Program.vcxproj", "{0B07D606-2EE8-498E-91DC-39D5D31B1C0D}"
EndProject
Project("{8BC9CEB8-8B4A-11D0-8D11-00A0C91BC942}") = "Section 2.1 Primitive Built-in Types", "Section 2.1 Primitive Built-in Types\Section 2.1 Primitive Built-in Types.vcxproj", "{259F5CBA-D904-4C02-B57A-6C166EBCE941}"
EndProject
Project("{8BC9CEB8-8B4A-11D0-8D11-00A0C91BC942}") = "Section 2.2 Variables", "Section 2.2 Variables\Section 2.2 Variables.vcxproj", "{0549CAA2-3016-46DC-86BF-B57FC9E98164}"
EndProject
Project("{8BC9CEB8-8B4A-11D0-8D11-00A0C91BC942}") = "Section 2.3 Compound Types", "Section 2.3 Compound Types\Section 2.3 Compound Types.vcxproj", "{0385461C-AF11-4E18-8856-C30ED0F08D20}"
EndProject
Project("{8BC9CEB8-8B4A-11D0-8D11-00A0C91BC942}") = "Section 2.4 const Qualifier", "Section 2.4 const Qualifier\Section 2.4 const Qualifier.vcxproj", "{3A18E4FE-94FB-4968-9B93-8FB43B85F4CB}"
EndProject
Project("{8BC9CEB8-8B4A-11D0-8D11-00A0C91BC942}") = "Section 2.5 Dealing with Types", "Section 2.5 Dealing with Types\Section 2.5 Dealing with Types.vcxproj", "{713BA4D6-F631-4087-86C1-4D297EDBBE19}"
EndProject
Project("{8BC9CEB8-8B4A-11D0-8D11-00A0C91BC942}") = "Section 2.6 Define our own Data Structure", "Section 2.6 Define our own Data Structure\Section 2.6 Define our own Data Structure.vcxproj", "{FCD06C21-6FEE-447E-9C64-1CDB85EEB6E2}"
EndProject
Global
	GlobalSection(SolutionConfigurationPlatforms) = preSolution
		Debug|x64 = Debug|x64
		Debug|x86 = Debug|x86
		Release|x64 = Release|x64
		Release|x86 = Release|x86
	EndGlobalSection
	GlobalSection(ProjectConfigurationPlatforms) = postSolution
		{8AB5E0D6-2348-43E1-B240-DD907C64E3DA}.Debug|x64.ActiveCfg = Debug|x64
		{8AB5E0D6-2348-43E1-B240-DD907C64E3DA}.Debug|x64.Build.0 = Debug|x64
		{8AB5E0D6-2348-43E1-B240-DD907C64E3DA}.Debug|x86.ActiveCfg = Debug|Win32
		{8AB5E0D6-2348-43E1-B240-DD907C64E3DA}.Debug|x86.Build.0 = Debug|Win32
		{8AB5E0D6-2348-43E1-B240-DD907C64E3DA}.Release|x64.ActiveCfg = Release|x64
		{8AB5E0D6-2348-43E1-B240-DD907C64E3DA}.Release|x64.Build.0 = Release|x64
		{8AB5E0D6-2348-43E1-B240-DD907C64E3DA}.Release|x86.ActiveCfg = Release|Win32
		{8AB5E0D6-2348-43E1-B240-DD907C64E3DA}.Release|x86.Build.0 = Release|Win32
		{B56F8F7C-BA26-4AEA-B4C2-E7C2D42C63FC}.Debug|x64.ActiveCfg = Debug|x64
		{B56F8F7C-BA26-4AEA-B4C2-E7C2D42C63FC}.Debug|x64.Build.0 = Debug|x64
		{B56F8F7C-BA26-4AEA-B4C2-E7C2D42C63FC}.Debug|x86.ActiveCfg = Debug|Win32
		{B56F8F7C-BA26-4AEA-B4C2-E7C2D42C63FC}.Debug|x86.Build.0 = Debug|Win32
		{B56F8F7C-BA26-4AEA-B4C2-E7C2D42C63FC}.Release|x64.ActiveCfg = Release|x64
		{B56F8F7C-BA26-4AEA-B4C2-E7C2D42C63FC}.Release|x64.Build.0 = Release|x64
		{B56F8F7C-BA26-4AEA-B4C2-E7C2D42C63FC}.Release|x86.ActiveCfg = Release|Win32
		{B56F8F7C-BA26-4AEA-B4C2-E7C2D42C63FC}.Release|x86.Build.0 = Release|Win32
		{02F4D723-E8BA-45C9-997A-107B3232E52C}.Debug|x64.ActiveCfg = Debug|x64
		{02F4D723-E8BA-45C9-997A-107B3232E52C}.Debug|x64.Build.0 = Debug|x64
		{02F4D723-E8BA-45C9-997A-107B3232E52C}.Debug|x86.ActiveCfg = Debug|Win32
		{02F4D723-E8BA-45C9-997A-107B3232E52C}.Debug|x86.Build.0 = Debug|Win32
		{02F4D723-E8BA-45C9-997A-107B3232E52C}.Release|x64.ActiveCfg = Release|x64
		{02F4D723-E8BA-45C9-997A-107B3232E52C}.Release|x64.Build.0 = Release|x64
		{02F4D723-E8BA-45C9-997A-107B3232E52C}.Release|x86.ActiveCfg = Release|Win32
		{02F4D723-E8BA-45C9-997A-107B3232E52C}.Release|x86.Build.0 = Release|Win32
		{C3AC3964-C66C-4A3F-BB6F-3D1123DB68C2}.Debug|x64.ActiveCfg = Debug|x64
		{C3AC3964-C66C-4A3F-BB6F-3D1123DB68C2}.Debug|x64.Build.0 = Debug|x64
		{C3AC3964-C66C-4A3F-BB6F-3D1123DB68C2}.Debug|x86.ActiveCfg = Debug|Win32
		{C3AC3964-C66C-4A3F-BB6F-3D1123DB68C2}.Debug|x86.Build.0 = Debug|Win32
		{C3AC3964-C66C-4A3F-BB6F-3D1123DB68C2}.Release|x64.ActiveCfg = Release|x64
		{C3AC3964-C66C-4A3F-BB6F-3D1123DB68C2}.Release|x64.Build.0 = Release|x64
		{C3AC3964-C66C-4A3F-BB6F-3D1123DB68C2}.Release|x86.ActiveCfg = Release|Win32
		{C3AC3964-C66C-4A3F-BB6F-3D1123DB68C2}.Release|x86.Build.0 = Release|Win32
		{9CD65732-DE89-4A92-A9C4-C20AAF7D4DA9}.Debug|x64.ActiveCfg = Debug|x64
		{9CD65732-DE89-4A92-A9C4-C20AAF7D4DA9}.Debug|x64.Build.0 = Debug|x64
		{9CD65732-DE89-4A92-A9C4-C20AAF7D4DA9}.Debug|x86.ActiveCfg = Debug|Win32
		{9CD65732-DE89-4A92-A9C4-C20AAF7D4DA9}.Debug|x86.Build.0 = Debug|Win32
		{9CD65732-DE89-4A92-A9C4-C20AAF7D4DA9}.Release|x64.ActiveCfg = Release|x64
		{9CD65732-DE89-4A92-A9C4-C20AAF7D4DA9}.Release|x64.Build.0 = Release|x64
		{9CD65732-DE89-4A92-A9C4-C20AAF7D4DA9}.Release|x86.ActiveCfg = Release|Win32
		{9CD65732-DE89-4A92-A9C4-C20AAF7D4DA9}.Release|x86.Build.0 = Release|Win32
		{0B07D606-2EE8-498E-91DC-39D5D31B1C0D}.Debug|x64.ActiveCfg = Debug|x64
		{0B07D606-2EE8-498E-91DC-39D5D31B1C0D}.Debug|x64.Build.0 = Debug|x64
		{0B07D606-2EE8-498E-91DC-39D5D31B1C0D}.Debug|x86.ActiveCfg = Debug|Win32
		{0B07D606-2EE8-498E-91DC-39D5D31B1C0D}.Debug|x86.Build.0 = Debug|Win32
		{0B07D606-2EE8-498E-91DC-39D5D31B1C0D}.Release|x64.ActiveCfg = Release|x64
		{0B07D606-2EE8-498E-91DC-39D5D31B1C0D}.Release|x64.Build.0 = Release|x64
		{0B07D606-2EE8-498E-91DC-39D5D31B1C0D}.Release|x86.ActiveCfg = Release|Win32
		{0B07D606-2EE8-498E-91DC-39D5D31B1C0D}.Release|x86.Build.0 = Release|Win32
		{259F5CBA-D904-4C02-B57A-6C166EBCE941}.Debug|x64.ActiveCfg = Debug|x64
		{259F5CBA-D904-4C02-B57A-6C166EBCE941}.Debug|x64.Build.0 = Debug|x64
		{259F5CBA-D904-4C02-B57A-6C166EBCE941}.Debug|x86.ActiveCfg = Debug|Win32
		{259F5CBA-D904-4C02-B57A-6C166EBCE941}.Debug|x86.Build.0 = Debug|Win32
		{259F5CBA-D904-4C02-B57A-6C166EBCE941}.Release|x64.ActiveCfg = Release|x64
		{259F5CBA-D904-4C02-B57A-6C166EBCE941}.Release|x64.Build.0 = Release|x64
		{259F5CBA-D904-4C02-B57A-6C166EBCE941}.Release|x86.ActiveCfg = Release|Win32
		{259F5CBA-D904-4C02-B57A-6C166EBCE941}.Release|x86.Build.0 = Release|Win32
		{0549CAA2-3016-46DC-86BF-B57FC9E98164}.Debug|x64.ActiveCfg = Debug|x64
		{0549CAA2-3016-46DC-86BF-B57FC9E98164}.Debug|x64.Build.0 = Debug|x64
		{0549CAA2-3016-46DC-86BF-B57FC9E98164}.Debug|x86.ActiveCfg = Debug|Win32
		{0549CAA2-3016-46DC-86BF-B57FC9E98164}.Debug|x86.Build.0 = Debug|Win32
		{0549CAA2-3016-46DC-86BF-B57FC9E98164}.Release|x64.ActiveCfg = Release|x64
		{0549CAA2-3016-46DC-86BF-B57FC9E98164}.Release|x64.Build.0 = Release|x64
		{0549CAA2-3016-46DC-86BF-B57FC9E98164}.Release|x86.ActiveCfg = Release|Win32
		{0549CAA2-3016-46DC-86BF-B57FC9E98164}.Release|x86.Build.0 = Release|Win32
		{0385461C-AF11-4E18-8856-C30ED0F08D20}.Debug|x64.ActiveCfg = Debug|x64
		{0385461C-AF11-4E18-8856-C30ED0F08D20}.Debug|x64.Build.0 = Debug|x64
		{0385461C-AF11-4E18-8856-C30ED0F08D20}.Debug|x86.ActiveCfg = Debug|Win32
		{0385461C-AF11-4E18-8856-C30ED0F08D20}.Debug|x86.Build.0 = Debug|Win32
		{0385461C-AF11-4E18-8856-C30ED0F08D20}.Release|x64.ActiveCfg = Release|x64
		{0385461C-AF11-4E18-8856-C30ED0F08D20}.Release|x64.Build.0 = Release|x64
		{0385461C-AF11-4E18-8856-C30ED0F08D20}.Release|x86.ActiveCfg = Release|Win32
		{0385461C-AF11-4E18-8856-C30ED0F08D20}.Release|x86.Build.0 = Release|Win32
		{3A18E4FE-94FB-4968-9B93-8FB43B85F4CB}.Debug|x64.ActiveCfg = Debug|x64
		{3A18E4FE-94FB-4968-9B93-8FB43B85F4CB}.Debug|x64.Build.0 = Debug|x64
		{3A18E4FE-94FB-4968-9B93-8FB43B85F4CB}.Debug|x86.ActiveCfg = Debug|Win32
		{3A18E4FE-94FB-4968-9B93-8FB43B85F4CB}.Debug|x86.Build.0 = Debug|Win32
		{3A18E4FE-94FB-4968-9B93-8FB43B85F4CB}.Release|x64.ActiveCfg = Release|x64
		{3A18E4FE-94FB-4968-9B93-8FB43B85F4CB}.Release|x64.Build.0 = Release|x64
		{3A18E4FE-94FB-4968-9B93-8FB43B85F4CB}.Release|x86.ActiveCfg = Release|Win32
		{3A18E4FE-94FB-4968-9B93-8FB43B85F4CB}.Release|x86.Build.0 = Release|Win32
		{713BA4D6-F631-4087-86C1-4D297EDBBE19}.Debug|x64.ActiveCfg = Debug|x64
		{713BA4D6-F631-4087-86C1-4D297EDBBE19}.Debug|x64.Build.0 = Debug|x64
		{713BA4D6-F631-4087-86C1-4D297EDBBE19}.Debug|x86.ActiveCfg = Debug|Win32
		{713BA4D6-F631-4087-86C1-4D297EDBBE19}.Debug|x86.Build.0 = Debug|Win32
		{713BA4D6-F631-4087-86C1-4D297EDBBE19}.Release|x64.ActiveCfg = Release|x64
		{713BA4D6-F631-4087-86C1-4D297EDBBE19}.Release|x64.Build.0 = Release|x64
		{713BA4D6-F631-4087-86C1-4D297EDBBE19}.Release|x86.ActiveCfg = Release|Win32
		{713BA4D6-F631-4087-86C1-4D297EDBBE19}.Release|x86.Build.0 = Release|Win32
		{FCD06C21-6FEE-447E-9C64-1CDB85EEB6E2}.Debug|x64.ActiveCfg = Debug|x64
		{FCD06C21-6FEE-447E-9C64-1CDB85EEB6E2}.Debug|x64.Build.0 = Debug|x64
		{FCD06C21-6FEE-447E-9C64-1CDB85EEB6E2}.Debug|x86.ActiveCfg = Debug|Win32
		{FCD06C21-6FEE-447E-9C64-1CDB85EEB6E2}.Debug|x86.Build.0 = Debug|Win32
		{FCD06C21-6FEE-447E-9C64-1CDB85EEB6E2}.Release|x64.ActiveCfg = Release|x64
		{FCD06C21-6FEE-447E-9C64-1CDB85EEB6E2}.Release|x64.Build.0 = Release|x64
		{FCD06C21-6FEE-447E-9C64-1CDB85EEB6E2}.Release|x86.ActiveCfg = Release|Win32
		{FCD06C21-6FEE-447E-9C64-1CDB85EEB6E2}.Release|x86.Build.0 = Release|Win32
	EndGlobalSection
	GlobalSection(SolutionProperties) = preSolution
		HideSolutionNode = FALSE
	EndGlobalSection
	GlobalSection(ExtensibilityGlobals) = postSolution
		SolutionGuid = {285358D7-0C1A-4E5A-834A-02321EB329FF}
	EndGlobalSection
EndGlobal
